schema: '2.0'
stages:
  data_prep:
    cmd: python src/data_prep.py
    deps:
    - path: data/raw/telco_churn.xlsx
      hash: md5
      md5: c05a3dc4c7c29d719d95afba8a212863
      size: 622126
    - path: src/data_prep.py
      hash: md5
      md5: 42044655d1dc9e3189ecb08264a7caab
      size: 3450
    outs:
    - path: data/processed/telco_clean.csv
      hash: md5
      md5: ac40be7770ac4b2e22a43d2ec75a2bad
      size: 883371
  train:
    cmd: python src/train.py
    deps:
    - path: data/processed/telco_clean.csv
      hash: md5
      md5: ac40be7770ac4b2e22a43d2ec75a2bad
      size: 883371
    - path: params.yaml
      hash: md5
      md5: 57d0a841381c4c9e7b991fbf8c3b02a8
      size: 90
    - path: src/train.py
      hash: md5
      md5: 2231df4103873ee73c83978c928dd2ed
      size: 2165
    outs:
    - path: metrics.json
      hash: md5
      md5: 8ee84e83d15c65248c2dda4a64294acc
      size: 65
    - path: models/model.pkl
      hash: md5
      md5: 07d509aafa2e0b98f09bbb0599f3cb01
      size: 321370
  evaluate:
    cmd: python src/evaluate.py
    deps:
    - path: data/processed/telco_clean.csv
      hash: md5
      md5: ac40be7770ac4b2e22a43d2ec75a2bad
      size: 883371
    - path: models/model.pkl
      hash: md5
      md5: 07d509aafa2e0b98f09bbb0599f3cb01
      size: 321370
    - path: src/evaluate.py
      hash: md5
      md5: fd24e6675b1f005613418577cc82b4e2
      size: 2945
    outs:
    - path: metrics_extended.json
      hash: md5
      md5: fbd9339f915a33923ca9c506acb43761
      size: 173
    - path: reports/roc_curve.png
      hash: md5
      md5: fea77a61e6e7f03dbac9438d2cde5934
      size: 29955
